
Microsoft Visual Studio Solution File, Format Version 12.00
# Visual Studio Version 16
VisualStudioVersion = 16.0.28803.202
MinimumVisualStudioVersion = 10.0.40219.1
Project("{FAE04EC0-301F-11D3-BF4B-00C04F79EFBC}") = "proyecto_Net.UWP", "proyecto_Net\proyecto_Net.UWP\proyecto_Net.UWP.csproj", "{B47CE877-4B2D-4036-A65C-73412E3C4276}"
EndProject
Project("{FAE04EC0-301F-11D3-BF4B-00C04F79EFBC}") = "proyecto_Net.Android", "proyecto_Net\proyecto_Net.Android\proyecto_Net.Android.csproj", "{6B91F698-2814-4E9B-919A-EAA64687525F}"
EndProject
Project("{FAE04EC0-301F-11D3-BF4B-00C04F79EFBC}") = "proyecto_Net.iOS", "proyecto_Net\proyecto_Net.iOS\proyecto_Net.iOS.csproj", "{9DA2FC64-065A-45A0-99FD-E77B131F01E4}"
EndProject
Project("{FAE04EC0-301F-11D3-BF4B-00C04F79EFBC}") = "proyecto_Net", "proyecto_Net\proyecto_Net\proyecto_Net.csproj", "{5FE257F6-8B7F-438B-B110-68674C2C422B}"
EndProject
Global
	GlobalSection(SolutionConfigurationPlatforms) = preSolution
		Debug|Any CPU = Debug|Any CPU
		Debug|ARM = Debug|ARM
		Debug|iPhone = Debug|iPhone
		Debug|iPhoneSimulator = Debug|iPhoneSimulator
		Debug|x64 = Debug|x64
		Debug|x86 = Debug|x86
		Release|Any CPU = Release|Any CPU
		Release|ARM = Release|ARM
		Release|iPhone = Release|iPhone
		Release|iPhoneSimulator = Release|iPhoneSimulator
		Release|x64 = Release|x64
		Release|x86 = Release|x86
	EndGlobalSection
	GlobalSection(ProjectConfigurationPlatforms) = postSolution
		{B47CE877-4B2D-4036-A65C-73412E3C4276}.Debug|Any CPU.ActiveCfg = Debug|x86
		{B47CE877-4B2D-4036-A65C-73412E3C4276}.Debug|Any CPU.Build.0 = Debug|x86
		{B47CE877-4B2D-4036-A65C-73412E3C4276}.Debug|Any CPU.Deploy.0 = Debug|x86
		{B47CE877-4B2D-4036-A65C-73412E3C4276}.Debug|ARM.ActiveCfg = Debug|ARM
		{B47CE877-4B2D-4036-A65C-73412E3C4276}.Debug|ARM.Build.0 = Debug|ARM
		{B47CE877-4B2D-4036-A65C-73412E3C4276}.Debug|ARM.Deploy.0 = Debug|ARM
		{B47CE877-4B2D-4036-A65C-73412E3C4276}.Debug|iPhone.ActiveCfg = Debug|x86
		{B47CE877-4B2D-4036-A65C-73412E3C4276}.Debug|iPhone.Build.0 = Debug|x86
		{B47CE877-4B2D-4036-A65C-73412E3C4276}.Debug|iPhone.Deploy.0 = Debug|x86
		{B47CE877-4B2D-4036-A65C-73412E3C4276}.Debug|iPhoneSimulator.ActiveCfg = Debug|x86
		{B47CE877-4B2D-4036-A65C-73412E3C4276}.Debug|iPhoneSimulator.Build.0 = Debug|x86
		{B47CE877-4B2D-4036-A65C-73412E3C4276}.Debug|iPhoneSimulator.Deploy.0 = Debug|x86
		{B47CE877-4B2D-4036-A65C-73412E3C4276}.Debug|x64.ActiveCfg = Debug|x64
		{B47CE877-4B2D-4036-A65C-73412E3C4276}.Debug|x64.Build.0 = Debug|x64
		{B47CE877-4B2D-4036-A65C-73412E3C4276}.Debug|x64.Deploy.0 = Debug|x64
		{B47CE877-4B2D-4036-A65C-73412E3C4276}.Debug|x86.ActiveCfg = Debug|x86
		{B47CE877-4B2D-4036-A65C-73412E3C4276}.Debug|x86.Build.0 = Debug|x86
		{B47CE877-4B2D-4036-A65C-73412E3C4276}.Debug|x86.Deploy.0 = Debug|x86
		{B47CE877-4B2D-4036-A65C-73412E3C4276}.Release|Any CPU.ActiveCfg = Release|x86
		{B47CE877-4B2D-4036-A65C-73412E3C4276}.Release|Any CPU.Build.0 = Release|x86
		{B47CE877-4B2D-4036-A65C-73412E3C4276}.Release|Any CPU.Deploy.0 = Release|x86
		{B47CE877-4B2D-4036-A65C-73412E3C4276}.Release|ARM.ActiveCfg = Release|ARM
		{B47CE877-4B2D-4036-A65C-73412E3C4276}.Release|ARM.Build.0 = Release|ARM
		{B47CE877-4B2D-4036-A65C-73412E3C4276}.Release|ARM.Deploy.0 = Release|ARM
		{B47CE877-4B2D-4036-A65C-73412E3C4276}.Release|iPhone.ActiveCfg = Release|x86
		{B47CE877-4B2D-4036-A65C-73412E3C4276}.Release|iPhone.Build.0 = Release|x86
		{B47CE877-4B2D-4036-A65C-73412E3C4276}.Release|iPhone.Deploy.0 = Release|x86
		{B47CE877-4B2D-4036-A65C-73412E3C4276}.Release|iPhoneSimulator.ActiveCfg = Release|x86
		{B47CE877-4B2D-4036-A65C-73412E3C4276}.Release|iPhoneSimulator.Build.0 = Release|x86
		{B47CE877-4B2D-4036-A65C-73412E3C4276}.Release|iPhoneSimulator.Deploy.0 = Release|x86
		{B47CE877-4B2D-4036-A65C-73412E3C4276}.Release|x64.ActiveCfg = Release|x64
		{B47CE877-4B2D-4036-A65C-73412E3C4276}.Release|x64.Build.0 = Release|x64
		{B47CE877-4B2D-4036-A65C-73412E3C4276}.Release|x64.Deploy.0 = Release|x64
		{B47CE877-4B2D-4036-A65C-73412E3C4276}.Release|x86.ActiveCfg = Release|x86
		{B47CE877-4B2D-4036-A65C-73412E3C4276}.Release|x86.Build.0 = Release|x86
		{B47CE877-4B2D-4036-A65C-73412E3C4276}.Release|x86.Deploy.0 = Release|x86
		{6B91F698-2814-4E9B-919A-EAA64687525F}.Debug|Any CPU.ActiveCfg = Debug|Any CPU
		{6B91F698-2814-4E9B-919A-EAA64687525F}.Debug|Any CPU.Build.0 = Debug|Any CPU
		{6B91F698-2814-4E9B-919A-EAA64687525F}.Debug|Any CPU.Deploy.0 = Debug|Any CPU
		{6B91F698-2814-4E9B-919A-EAA64687525F}.Debug|ARM.ActiveCfg = Debug|Any CPU
		{6B91F698-2814-4E9B-919A-EAA64687525F}.Debug|ARM.Build.0 = Debug|Any CPU
		{6B91F698-2814-4E9B-919A-EAA64687525F}.Debug|ARM.Deploy.0 = Debug|Any CPU
		{6B91F698-2814-4E9B-919A-EAA64687525F}.Debug|iPhone.ActiveCfg = Debug|Any CPU
		{6B91F698-2814-4E9B-919A-EAA64687525F}.Debug|iPhone.Build.0 = Debug|Any CPU
		{6B91F698-2814-4E9B-919A-EAA64687525F}.Debug|iPhone.Deploy.0 = Debug|Any CPU
		{6B91F698-2814-4E9B-919A-EAA64687525F}.Debug|iPhoneSimulator.ActiveCfg = Debug|Any CPU
		{6B91F698-2814-4E9B-919A-EAA64687525F}.Debug|iPhoneSimulator.Build.0 = Debug|Any CPU
		{6B91F698-2814-4E9B-919A-EAA64687525F}.Debug|iPhoneSimulator.Deploy.0 = Debug|Any CPU
		{6B91F698-2814-4E9B-919A-EAA64687525F}.Debug|x64.ActiveCfg = Debug|Any CPU
		{6B91F698-2814-4E9B-919A-EAA64687525F}.Debug|x64.Build.0 = Debug|Any CPU
		{6B91F698-2814-4E9B-919A-EAA64687525F}.Debug|x64.Deploy.0 = Debug|Any CPU
		{6B91F698-2814-4E9B-919A-EAA64687525F}.Debug|x86.ActiveCfg = Debug|Any CPU
		{6B91F698-2814-4E9B-919A-EAA64687525F}.Debug|x86.Build.0 = Debug|Any CPU
		{6B91F698-2814-4E9B-919A-EAA64687525F}.Debug|x86.Deploy.0 = Debug|Any CPU
		{6B91F698-2814-4E9B-919A-EAA64687525F}.Release|Any CPU.ActiveCfg = Release|Any CPU
		{6B91F698-2814-4E9B-919A-EAA64687525F}.Release|Any CPU.Build.0 = Release|Any CPU
		{6B91F698-2814-4E9B-919A-EAA64687525F}.Release|Any CPU.Deploy.0 = Release|Any CPU
		{6B91F698-2814-4E9B-919A-EAA64687525F}.Release|ARM.ActiveCfg = Release|Any CPU
		{6B91F698-2814-4E9B-919A-EAA64687525F}.Release|ARM.Build.0 = Release|Any CPU
		{6B91F698-2814-4E9B-919A-EAA64687525F}.Release|ARM.Deploy.0 = Release|Any CPU
		{6B91F698-2814-4E9B-919A-EAA64687525F}.Release|iPhone.ActiveCfg = Release|Any CPU
		{6B91F698-2814-4E9B-919A-EAA64687525F}.Release|iPhone.Build.0 = Release|Any CPU
		{6B91F698-2814-4E9B-919A-EAA64687525F}.Release|iPhone.Deploy.0 = Release|Any CPU
		{6B91F698-2814-4E9B-919A-EAA64687525F}.Release|iPhoneSimulator.ActiveCfg = Release|Any CPU
		{6B91F698-2814-4E9B-919A-EAA64687525F}.Release|iPhoneSimulator.Build.0 = Release|Any CPU
		{6B91F698-2814-4E9B-919A-EAA64687525F}.Release|iPhoneSimulator.Deploy.0 = Release|Any CPU
		{6B91F698-2814-4E9B-919A-EAA64687525F}.Release|x64.ActiveCfg = Release|Any CPU
		{6B91F698-2814-4E9B-919A-EAA64687525F}.Release|x64.Build.0 = Release|Any CPU
		{6B91F698-2814-4E9B-919A-EAA64687525F}.Release|x64.Deploy.0 = Release|Any CPU
		{6B91F698-2814-4E9B-919A-EAA64687525F}.Release|x86.ActiveCfg = Release|Any CPU
		{6B91F698-2814-4E9B-919A-EAA64687525F}.Release|x86.Build.0 = Release|Any CPU
		{6B91F698-2814-4E9B-919A-EAA64687525F}.Release|x86.Deploy.0 = Release|Any CPU
		{9DA2FC64-065A-45A0-99FD-E77B131F01E4}.Debug|Any CPU.ActiveCfg = Debug|iPhone
		{9DA2FC64-065A-45A0-99FD-E77B131F01E4}.Debug|Any CPU.Build.0 = Debug|iPhone
		{9DA2FC64-065A-45A0-99FD-E77B131F01E4}.Debug|Any CPU.Deploy.0 = Debug|iPhone
		{9DA2FC64-065A-45A0-99FD-E77B131F01E4}.Debug|ARM.ActiveCfg = Debug|iPhoneSimulator
		{9DA2FC64-065A-45A0-99FD-E77B131F01E4}.Debug|ARM.Build.0 = Debug|iPhoneSimulator
		{9DA2FC64-065A-45A0-99FD-E77B131F01E4}.Debug|ARM.Deploy.0 = Debug|iPhoneSimulator
		{9DA2FC64-065A-45A0-99FD-E77B131F01E4}.Debug|iPhone.ActiveCfg = Debug|iPhone
		{9DA2FC64-065A-45A0-99FD-E77B131F01E4}.Debug|iPhone.Build.0 = Debug|iPhone
		{9DA2FC64-065A-45A0-99FD-E77B131F01E4}.Debug|iPhone.Deploy.0 = Debug|iPhone
		{9DA2FC64-065A-45A0-99FD-E77B131F01E4}.Debug|iPhoneSimulator.ActiveCfg = Debug|iPhoneSimulator
		{9DA2FC64-065A-45A0-99FD-E77B131F01E4}.Debug|iPhoneSimulator.Build.0 = Debug|iPhoneSimulator
		{9DA2FC64-065A-45A0-99FD-E77B131F01E4}.Debug|iPhoneSimulator.Deploy.0 = Debug|iPhoneSimulator
		{9DA2FC64-065A-45A0-99FD-E77B131F01E4}.Debug|x64.ActiveCfg = Debug|iPhone
		{9DA2FC64-065A-45A0-99FD-E77B131F01E4}.Debug|x64.Build.0 = Debug|iPhone
		{9DA2FC64-065A-45A0-99FD-E77B131F01E4}.Debug|x64.Deploy.0 = Debug|iPhone
		{9DA2FC64-065A-45A0-99FD-E77B131F01E4}.Debug|x86.ActiveCfg = Debug|iPhone
		{9DA2FC64-065A-45A0-99FD-E77B131F01E4}.Debug|x86.Build.0 = Debug|iPhone
		{9DA2FC64-065A-45A0-99FD-E77B131F01E4}.Debug|x86.Deploy.0 = Debug|iPhone
		{9DA2FC64-065A-45A0-99FD-E77B131F01E4}.Release|Any CPU.ActiveCfg = Release|iPhone
		{9DA2FC64-065A-45A0-99FD-E77B131F01E4}.Release|Any CPU.Build.0 = Release|iPhone
		{9DA2FC64-065A-45A0-99FD-E77B131F01E4}.Release|Any CPU.Deploy.0 = Release|iPhone
		{9DA2FC64-065A-45A0-99FD-E77B131F01E4}.Release|ARM.ActiveCfg = Release|iPhone
		{9DA2FC64-065A-45A0-99FD-E77B131F01E4}.Release|ARM.Build.0 = Release|iPhone
		{9DA2FC64-065A-45A0-99FD-E77B131F01E4}.Release|ARM.Deploy.0 = Release|iPhone
		{9DA2FC64-065A-45A0-99FD-E77B131F01E4}.Release|iPhone.ActiveCfg = Release|iPhone
		{9DA2FC64-065A-45A0-99FD-E77B131F01E4}.Release|iPhone.Build.0 = Release|iPhone
		{9DA2FC64-065A-45A0-99FD-E77B131F01E4}.Release|iPhone.Deploy.0 = Release|iPhone
		{9DA2FC64-065A-45A0-99FD-E77B131F01E4}.Release|iPhoneSimulator.ActiveCfg = Release|iPhoneSimulator
		{9DA2FC64-065A-45A0-99FD-E77B131F01E4}.Release|iPhoneSimulator.Build.0 = Release|iPhoneSimulator
		{9DA2FC64-065A-45A0-99FD-E77B131F01E4}.Release|iPhoneSimulator.Deploy.0 = Release|iPhoneSimulator
		{9DA2FC64-065A-45A0-99FD-E77B131F01E4}.Release|x64.ActiveCfg = Release|iPhone
		{9DA2FC64-065A-45A0-99FD-E77B131F01E4}.Release|x64.Build.0 = Release|iPhone
		{9DA2FC64-065A-45A0-99FD-E77B131F01E4}.Release|x64.Deploy.0 = Release|iPhone
		{9DA2FC64-065A-45A0-99FD-E77B131F01E4}.Release|x86.ActiveCfg = Release|iPhone
		{9DA2FC64-065A-45A0-99FD-E77B131F01E4}.Release|x86.Build.0 = Release|iPhone
		{9DA2FC64-065A-45A0-99FD-E77B131F01E4}.Release|x86.Deploy.0 = Release|iPhone
		{5FE257F6-8B7F-438B-B110-68674C2C422B}.Debug|Any CPU.ActiveCfg = Debug|Any CPU
		{5FE257F6-8B7F-438B-B110-68674C2C422B}.Debug|Any CPU.Build.0 = Debug|Any CPU
		{5FE257F6-8B7F-438B-B110-68674C2C422B}.Debug|Any CPU.Deploy.0 = Debug|Any CPU
		{5FE257F6-8B7F-438B-B110-68674C2C422B}.Debug|ARM.ActiveCfg = Debug|Any CPU
		{5FE257F6-8B7F-438B-B110-68674C2C422B}.Debug|ARM.Build.0 = Debug|Any CPU
		{5FE257F6-8B7F-438B-B110-68674C2C422B}.Debug|ARM.Deploy.0 = Debug|Any CPU
		{5FE257F6-8B7F-438B-B110-68674C2C422B}.Debug|iPhone.ActiveCfg = Debug|Any CPU
		{5FE257F6-8B7F-438B-B110-68674C2C422B}.Debug|iPhone.Build.0 = Debug|Any CPU
		{5FE257F6-8B7F-438B-B110-68674C2C422B}.Debug|iPhone.Deploy.0 = Debug|Any CPU
		{5FE257F6-8B7F-438B-B110-68674C2C422B}.Debug|iPhoneSimulator.ActiveCfg = Debug|Any CPU
		{5FE257F6-8B7F-438B-B110-68674C2C422B}.Debug|iPhoneSimulator.Build.0 = Debug|Any CPU
		{5FE257F6-8B7F-438B-B110-68674C2C422B}.Debug|iPhoneSimulator.Deploy.0 = Debug|Any CPU
		{5FE257F6-8B7F-438B-B110-68674C2C422B}.Debug|x64.ActiveCfg = Debug|Any CPU
		{5FE257F6-8B7F-438B-B110-68674C2C422B}.Debug|x64.Build.0 = Debug|Any CPU
		{5FE257F6-8B7F-438B-B110-68674C2C422B}.Debug|x64.Deploy.0 = Debug|Any CPU
		{5FE257F6-8B7F-438B-B110-68674C2C422B}.Debug|x86.ActiveCfg = Debug|Any CPU
		{5FE257F6-8B7F-438B-B110-68674C2C422B}.Debug|x86.Build.0 = Debug|Any CPU
		{5FE257F6-8B7F-438B-B110-68674C2C422B}.Debug|x86.Deploy.0 = Debug|Any CPU
		{5FE257F6-8B7F-438B-B110-68674C2C422B}.Release|Any CPU.ActiveCfg = Release|Any CPU
		{5FE257F6-8B7F-438B-B110-68674C2C422B}.Release|Any CPU.Build.0 = Release|Any CPU
		{5FE257F6-8B7F-438B-B110-68674C2C422B}.Release|Any CPU.Deploy.0 = Release|Any CPU
		{5FE257F6-8B7F-438B-B110-68674C2C422B}.Release|ARM.ActiveCfg = Release|Any CPU
		{5FE257F6-8B7F-438B-B110-68674C2C422B}.Release|ARM.Build.0 = Release|Any CPU
		{5FE257F6-8B7F-438B-B110-68674C2C422B}.Release|ARM.Deploy.0 = Release|Any CPU
		{5FE257F6-8B7F-438B-B110-68674C2C422B}.Release|iPhone.ActiveCfg = Release|Any CPU
		{5FE257F6-8B7F-438B-B110-68674C2C422B}.Release|iPhone.Build.0 = Release|Any CPU
		{5FE257F6-8B7F-438B-B110-68674C2C422B}.Release|iPhone.Deploy.0 = Release|Any CPU
		{5FE257F6-8B7F-438B-B110-68674C2C422B}.Release|iPhoneSimulator.ActiveCfg = Release|Any CPU
		{5FE257F6-8B7F-438B-B110-68674C2C422B}.Release|iPhoneSimulator.Build.0 = Release|Any CPU
		{5FE257F6-8B7F-438B-B110-68674C2C422B}.Release|iPhoneSimulator.Deploy.0 = Release|Any CPU
		{5FE257F6-8B7F-438B-B110-68674C2C422B}.Release|x64.ActiveCfg = Release|Any CPU
		{5FE257F6-8B7F-438B-B110-68674C2C422B}.Release|x64.Build.0 = Release|Any CPU
		{5FE257F6-8B7F-438B-B110-68674C2C422B}.Release|x64.Deploy.0 = Release|Any CPU
		{5FE257F6-8B7F-438B-B110-68674C2C422B}.Release|x86.ActiveCfg = Release|Any CPU
		{5FE257F6-8B7F-438B-B110-68674C2C422B}.Release|x86.Build.0 = Release|Any CPU
		{5FE257F6-8B7F-438B-B110-68674C2C422B}.Release|x86.Deploy.0 = Release|Any CPU
	EndGlobalSection
	GlobalSection(SolutionProperties) = preSolution
		HideSolutionNode = FALSE
	EndGlobalSection
	GlobalSection(ExtensibilityGlobals) = postSolution
		SolutionGuid = {1589EA57-5A23-4B24-AC2E-1580E2CF3E63}
	EndGlobalSection
EndGlobal
